
Microsoft Visual Studio Solution File, Format Version 12.00
# Visual Studio 2012
Project("{FAE04EC0-301F-11D3-BF4B-00C04F79EFBC}") = "btdc10(dịch vụ khám chữa răng)", "btdc10(dịch vụ khám chữa răng)\btdc10(dịch vụ khám chữa răng).csproj", "{FA384EE1-B525-47E7-8545-2C413A1C1406}"
EndProject
Global
	GlobalSection(SolutionConfigurationPlatforms) = preSolution
		Debug|Any CPU = Debug|Any CPU
		Release|Any CPU = Release|Any CPU
	EndGlobalSection
	GlobalSection(ProjectConfigurationPlatforms) = postSolution
		{FA384EE1-B525-47E7-8545-2C413A1C1406}.Debug|Any CPU.ActiveCfg = Debug|Any CPU
		{FA384EE1-B525-47E7-8545-2C413A1C1406}.Debug|Any CPU.Build.0 = Debug|Any CPU
		{FA384EE1-B525-47E7-8545-2C413A1C1406}.Release|Any CPU.ActiveCfg = Release|Any CPU
		{FA384EE1-B525-47E7-8545-2C413A1C1406}.Release|Any CPU.Build.0 = Release|Any CPU
	EndGlobalSection
	GlobalSection(SolutionProperties) = preSolution
		HideSolutionNode = FALSE
	EndGlobalSection
EndGlobal
